// !$*UTF8*$!
{
	archiveVersion = 1;
	classes = {
	};
	objectVersion = 46;
	objects = {

/* Begin PBXBuildFile section */
		BB8DA7C17CCC5591ABB0D852 /* Pods_AFSample.framework in Frameworks */ = {isa = PBXBuildFile; fileRef = 8C60FFA0E2FE1B9EBC27BA3E /* Pods_AFSample.framework */; };
		D1D9ACDE1DDD9E3000B8A566 /* AppDelegate.swift in Sources */ = {isa = PBXBuildFile; fileRef = D1D9ACDD1DDD9E3000B8A566 /* AppDelegate.swift */; };
		D1D9ACE01DDD9E3000B8A566 /* ViewController.swift in Sources */ = {isa = PBXBuildFile; fileRef = D1D9ACDF1DDD9E3000B8A566 /* ViewController.swift */; };
		D1D9ACE31DDD9E3000B8A566 /* Main.storyboard in Resources */ = {isa = PBXBuildFile; fileRef = D1D9ACE11DDD9E3000B8A566 /* Main.storyboard */; };
		D1D9ACE51DDD9E3000B8A566 /* Assets.xcassets in Resources */ = {isa = PBXBuildFile; fileRef = D1D9ACE41DDD9E3000B8A566 /* Assets.xcassets */; };
		D1D9ACE81DDD9E3000B8A566 /* LaunchScreen.storyboard in Resources */ = {isa = PBXBuildFile; fileRef = D1D9ACE61DDD9E3000B8A566 /* LaunchScreen.storyboard */; };
/* End PBXBuildFile section */

/* Begin PBXFileReference section */
		0A435EEBD1931F5120875935 /* Pods-AFSample.release.xcconfig */ = {isa = PBXFileReference; includeInIndex = 1; lastKnownFileType = text.xcconfig; name = "Pods-AFSample.release.xcconfig"; path = "Pods/Target Support Files/Pods-AFSample/Pods-AFSample.release.xcconfig"; sourceTree = "<group>"; };
		7A899418BA1531452880997D /* Pods-AFSample.debug.xcconfig */ = {isa = PBXFileReference; includeInIndex = 1; lastKnownFileType = text.xcconfig; name = "Pods-AFSample.debug.xcconfig"; path = "Pods/Target Support Files/Pods-AFSample/Pods-AFSample.debug.xcconfig"; sourceTree = "<group>"; };
		8C60FFA0E2FE1B9EBC27BA3E /* Pods_AFSample.framework */ = {isa = PBXFileReference; explicitFileType = wrapper.framework; includeInIndex = 0; path = Pods_AFSample.framework; sourceTree = BUILT_PRODUCTS_DIR; };
		D1D9ACDA1DDD9E3000B8A566 /* AFSample.app */ = {isa = PBXFileReference; explicitFileType = wrapper.application; includeInIndex = 0; path = AFSample.app; sourceTree = BUILT_PRODUCTS_DIR; };
		D1D9ACDD1DDD9E3000B8A566 /* AppDelegate.swift */ = {isa = PBXFileReference; lastKnownFileType = sourcecode.swift; path = AppDelegate.swift; sourceTree = "<group>"; };
		D1D9ACDF1DDD9E3000B8A566 /* ViewController.swift */ = {isa = PBXFileReference; lastKnownFileType = sourcecode.swift; path = ViewController.swift; sourceTree = "<group>"; };
		D1D9ACE21DDD9E3000B8A566 /* Base */ = {isa = PBXFileReference; lastKnownFileType = file.storyboard; name = Base; path = Base.lproj/Main.storyboard; sourceTree = "<group>"; };
		D1D9ACE41DDD9E3000B8A566 /* Assets.xcassets */ = {isa = PBXFileReference; lastKnownFileType = folder.assetcatalog; path = Assets.xcassets; sourceTree = "<group>"; };
		D1D9ACE71DDD9E3000B8A566 /* Base */ = {isa = PBXFileReference; lastKnownFileType = file.storyboard; name = Base; path = Base.lproj/LaunchScreen.storyboard; sourceTree = "<group>"; };
		D1D9ACE91DDD9E3000B8A566 /* Info.plist */ = {isa = PBXFileReference; lastKnownFileType = text.plist.xml; path = Info.plist; sourceTree = "<group>"; };
/* End PBXFileReference section */

/* Begin PBXFrameworksBuildPhase section */
		D1D9ACD71DDD9E3000B8A566 /* Frameworks */ = {
			isa = PBXFrameworksBuildPhase;
			buildActionMask = 2147483647;
			files = (
				BB8DA7C17CCC5591ABB0D852 /* Pods_AFSample.framework in Frameworks */,
			);
			runOnlyForDeploymentPostprocessing = 0;
		};
/* End PBXFrameworksBuildPhase section */

/* Begin PBXGroup section */
		A959DED5EEE16B2F2D0B8908 /* Frameworks */ = {
			isa = PBXGroup;
			children = (
				8C60FFA0E2FE1B9EBC27BA3E /* Pods_AFSample.framework */,
			);
			name = Frameworks;
			sourceTree = "<group>";
		};
		ACCB40DF56A2CB635B3F0C03 /* Pods */ = {
			isa = PBXGroup;
			children = (
				7A899418BA1531452880997D /* Pods-AFSample.debug.xcconfig */,
				0A435EEBD1931F5120875935 /* Pods-AFSample.release.xcconfig */,
			);
			name = Pods;
			sourceTree = "<group>";
		};
		D1D9ACD11DDD9E3000B8A566 = {
			isa = PBXGroup;
			children = (
				D1D9ACDC1DDD9E3000B8A566 /* AFSample */,
				D1D9ACDB1DDD9E3000B8A566 /* Products */,
				ACCB40DF56A2CB635B3F0C03 /* Pods */,
				A959DED5EEE16B2F2D0B8908 /* Frameworks */,
			);
			sourceTree = "<group>";
		};
		D1D9ACDB1DDD9E3000B8A566 /* Products */ = {
			isa = PBXGroup;
			children = (
				D1D9ACDA1DDD9E3000B8A566 /* AFSample.app */,
			);
			name = Products;
			sourceTree = "<group>";
		};
		D1D9ACDC1DDD9E3000B8A566 /* AFSample */ = {
			isa = PBXGroup;
			children = (
				D1D9ACDD1DDD9E3000B8A566 /* AppDelegate.swift */,
				D1D9ACDF1DDD9E3000B8A566 /* ViewController.swift */,
				D1D9ACE11DDD9E3000B8A566 /* Main.storyboard */,
				D1D9ACE41DDD9E3000B8A566 /* Assets.xcassets */,
				D1D9ACE61DDD9E3000B8A566 /* LaunchScreen.storyboard */,
				D1D9ACE91DDD9E3000B8A566 /* Info.plist */,
			);
			path = AFSample;
			sourceTree = "<group>";
		};
/* End PBXGroup section */

/* Begin PBXNativeTarget section */
		D1D9ACD91DDD9E3000B8A566 /* AFSample */ = {
			isa = PBXNativeTarget;
			buildConfigurationList = D1D9ACEC1DDD9E3000B8A566 /* Build configuration list for PBXNativeTarget "AFSample" */;
			buildPhases = (
				00426D39685F14EAE188F958 /* [CP] Check Pods Manifest.lock */,
				D1D9ACD61DDD9E3000B8A566 /* Sources */,
				D1D9ACD71DDD9E3000B8A566 /* Frameworks */,
				D1D9ACD81DDD9E3000B8A566 /* Resources */,
				2795AA0D71769C95CC3E891B /* [CP] Embed Pods Frameworks */,
				1B230818FC3C16D03367400D /* [CP] Copy Pods Resources */,
			);
			buildRules = (
			);
			dependencies = (
			);
			name = AFSample;
			productName = AFSample;
			productReference = D1D9ACDA1DDD9E3000B8A566 /* AFSample.app */;
			productType = "com.apple.product-type.application";
		};
/* End PBXNativeTarget section */

/* Begin PBXProject section */
		D1D9ACD21DDD9E3000B8A566 /* Project object */ = {
			isa = PBXProject;
			attributes = {
				LastSwiftUpdateCheck = 0810;
				LastUpgradeCheck = 0810;
				ORGANIZATIONNAME = "Laura Evans";
				TargetAttributes = {
					D1D9ACD91DDD9E3000B8A566 = {
						CreatedOnToolsVersion = 8.1;
						DevelopmentTeam = 859LK3T2WH;
						ProvisioningStyle = Automatic;
					};
				};
			};
			buildConfigurationList = D1D9ACD51DDD9E3000B8A566 /* Build configuration list for PBXProject "AFSample" */;
			compatibilityVersion = "Xcode 3.2";
			developmentRegion = English;
			hasScannedForEncodings = 0;
			knownRegions = (
				en,
				Base,
			);
			mainGroup = D1D9ACD11DDD9E3000B8A566;
			productRefGroup = D1D9ACDB1DDD9E3000B8A566 /* Products */;
			projectDirPath = "";
			projectRoot = "";
			targets = (
				D1D9ACD91DDD9E3000B8A566 /* AFSample */,
			);
		};
/* End PBXProject section */

/* Begin PBXResourcesBuildPhase section */
		D1D9ACD81DDD9E3000B8A566 /* Resources */ = {
			isa = PBXResourcesBuildPhase;
			buildActionMask = 2147483647;
			files = (
				D1D9ACE81DDD9E3000B8A566 /* LaunchScreen.storyboard in Resources */,
				D1D9ACE51DDD9E3000B8A566 /* Assets.xcassets in Resources */,
				D1D9ACE31DDD9E3000B8A566 /* Main.storyboard in Resources */,
			);
			runOnlyForDeploymentPostprocessing = 0;
		};
/* End PBXResourcesBuildPhase section */

/* Begin PBXShellScriptBuildPhase section */
		00426D39685F14EAE188F958 /* [CP] Check Pods Manifest.lock */ = {
			isa = PBXShellScriptBuildPhase;
			buildActionMask = 2147483647;
			files = (
			);
			inputPaths = (
			);
			name = "[CP] Check Pods Manifest.lock";
			outputPaths = (
			);
			runOnlyForDeploymentPostprocessing = 0;
			shellPath = /bin/sh;
			shellScript = "diff \"${PODS_ROOT}/../Podfile.lock\" \"${PODS_ROOT}/Manifest.lock\" > /dev/null\nif [ $? != 0 ] ; then\n    # print error to STDERR\n    echo \"error: The sandbox is not in sync with the Podfile.lock. Run 'pod install' or update your CocoaPods installation.\" >&2\n    exit 1\nfi\n";
			showEnvVarsInLog = 0;
		};
		1B230818FC3C16D03367400D /* [CP] Copy Pods Resources */ = {
			isa = PBXShellScriptBuildPhase;
			buildActionMask = 2147483647;
			files = (
			);
			inputPaths = (
			);
			name = "[CP] Copy Pods Resources";
			outputPaths = (
			);
			runOnlyForDeploymentPostprocessing = 0;
			shellPath = /bin/sh;
			shellScript = "\"${SRCROOT}/Pods/Target Support Files/Pods-AFSample/Pods-AFSample-resources.sh\"\n";
			showEnvVarsInLog = 0;
		};
		2795AA0D71769C95CC3E891B /* [CP] Embed Pods Frameworks */ = {
			isa = PBXShellScriptBuildPhase;
			buildActionMask = 2147483647;
			files = (
			);
			inputPaths = (
			);
			name = "[CP] Embed Pods Frameworks";
			outputPaths = (
			);
			runOnlyForDeploymentPostprocessing = 0;
			shellPath = /bin/sh;
			shellScript = "\"${SRCROOT}/Pods/Target Support Files/Pods-AFSample/Pods-AFSample-frameworks.sh\"\n";
			showEnvVarsInLog = 0;
		};
/* End PBXShellScriptBuildPhase section */

/* Begin PBXSourcesBuildPhase section */
		D1D9ACD61DDD9E3000B8A566 /* Sources */ = {
			isa = PBXSourcesBuildPhase;
			buildActionMask = 2147483647;
			files = (
				D1D9ACE01DDD9E3000B8A566 /* ViewController.swift in Sources */,
				D1D9ACDE1DDD9E3000B8A566 /* AppDelegate.swift in Sources */,
			);
			runOnlyForDeploymentPostprocessing = 0;
		};
/* End PBXSourcesBuildPhase section */

/* Begin PBXVariantGroup section */
		D1D9ACE11DDD9E3000B8A566 /* Main.storyboard */ = {
			isa = PBXVariantGroup;
			children = (
				D1D9ACE21DDD9E3000B8A566 /* Base */,
			);
			name = Main.storyboard;
			sourceTree = "<group>";
		};
		D1D9ACE61DDD9E3000B8A566 /* LaunchScreen.storyboard */ = {
			isa = PBXVariantGroup;
			children = (
				D1D9ACE71DDD9E3000B8A566 /* Base */,
			);
			name = LaunchScreen.storyboard;
			sourceTree = "<group>";
		};
/* End PBXVariantGroup section */

/* Begin XCBuildConfiguration section */
		D1D9ACEA1DDD9E3000B8A566 /* Debug */ = {
			isa = XCBuildConfiguration;
			buildSettings = {
				ALWAYS_SEARCH_USER_PATHS = NO;
				CLANG_ANALYZER_NONNULL = YES;
				CLANG_CXX_LANGUAGE_STANDARD = "gnu++0x";
				CLANG_CXX_LIBRARY = "libc++";
				CLANG_ENABLE_MODULES = YES;
				CLANG_ENABLE_OBJC_ARC = YES;
				CLANG_WARN_BOOL_CONVERSION = YES;
				CLANG_WARN_CONSTANT_CONVERSION = YES;
				CLANG_WARN_DIRECT_OBJC_ISA_USAGE = YES_ERROR;
				CLANG_WARN_DOCUMENTATION_COMMENTS = YES;
				CLANG_WARN_EMPTY_BODY = YES;
				CLANG_WARN_ENUM_CONVERSION = YES;
				CLANG_WARN_INFINITE_RECURSION = YES;
				CLANG_WARN_INT_CONVERSION = YES;
				CLANG_WARN_OBJC_ROOT_CLASS = YES_ERROR;
				CLANG_WARN_SUSPICIOUS_MOVES = YES;
				CLANG_WARN_UNREACHABLE_CODE = YES;
				CLANG_WARN__DUPLICATE_METHOD_MATCH = YES;
				"CODE_SIGN_IDENTITY[sdk=iphoneos*]" = "iPhone Developer";
				COPY_PHASE_STRIP = NO;
				DEBUG_INFORMATION_FORMAT = dwarf;
				ENABLE_STRICT_OBJC_MSGSEND = YES;
				ENABLE_TESTABILITY = YES;
				GCC_C_LANGUAGE_STANDARD = gnu99;
				GCC_DYNAMIC_NO_PIC = NO;
				GCC_NO_COMMON_BLOCKS = YES;
				GCC_OPTIMIZATION_LEVEL = 0;
				GCC_PREPROCESSOR_DEFINITIONS = (
					"DEBUG=1",
					"$(inherited)",
				);
				GCC_WARN_64_TO_32_BIT_CONVERSION = YES;
				GCC_WARN_ABOUT_RETURN_TYPE = YES_ERROR;
				GCC_WARN_UNDECLARED_SELECTOR = YES;
				GCC_WARN_UNINITIALIZED_AUTOS = YES_AGGRESSIVE;
				GCC_WARN_UNUSED_FUNCTION = YES;
				GCC_WARN_UNUSED_VARIABLE = YES;
				IPHONEOS_DEPLOYMENT_TARGET = 10.1;
				MTL_ENABLE_DEBUG_INFO = YES;
				ONLY_ACTIVE_ARCH = YES;
				SDKROOT = iphoneos;
				SWIFT_ACTIVE_COMPILATION_CONDITIONS = DEBUG;
				SWIFT_OPTIMIZATION_LEVEL = "-Onone";
			};
			name = Debug;
		};
		D1D9ACEB1DDD9E3000B8A566 /* Release */ = {
			isa = XCBuildConfiguration;
			buildSettings = {
				ALWAYS_SEARCH_USER_PATHS = NO;
				CLANG_ANALYZER_NONNULL = YES;
				CLANG_CXX_LANGUAGE_STANDARD = "gnu++0x";
				CLANG_CXX_LIBRARY = "libc++";
				CLANG_ENABLE_MODULES = YES;
				CLANG_ENABLE_OBJC_ARC = YES;
				CLANG_WARN_BOOL_CONVERSION = YES;
				CLANG_WARN_CONSTANT_CONVERSION = YES;
				CLANG_WARN_DIRECT_OBJC_ISA_USAGE = YES_ERROR;
				CLANG_WARN_DOCUMENTATION_COMMENTS = YES;
				CLANG_WARN_EMPTY_BODY = YES;
				CLANG_WARN_ENUM_CONVERSION = YES;
				CLANG_WARN_INFINITE_RECURSION = YES;
				CLANG_WARN_INT_CONVERSION = YES;
				CLANG_WARN_OBJC_ROOT_CLASS = YES_ERROR;
				CLANG_WARN_SUSPICIOUS_MOVES = YES;
				CLANG_WARN_UNREACHABLE_CODE = YES;
				CLANG_WARN__DUPLICATE_METHOD_MATCH = YES;
				"CODE_SIGN_IDENTITY[sdk=iphoneos*]" = "iPhone Developer";
				COPY_PHASE_STRIP = NO;
				DEBUG_INFORMATION_FORMAT = "dwarf-with-dsym";
				ENABLE_NS_ASSERTIONS = NO;
				ENABLE_STRICT_OBJC_MSGSEND = YES;
				GCC_C_LANGUAGE_STANDARD = gnu99;
				GCC_NO_COMMON_BLOCKS = YES;
				GCC_WARN_64_TO_32_BIT_CONVERSION = YES;
				GCC_WARN_ABOUT_RETURN_TYPE = YES_ERROR;
				GCC_WARN_UNDECLARED_SELECTOR = YES;
				GCC_WARN_UNINITIALIZED_AUTOS = YES_AGGRESSIVE;
				GCC_WARN_UNUSED_FUNCTION = YES;
				GCC_WARN_UNUSED_VARIABLE = YES;
				IPHONEOS_DEPLOYMENT_TARGET = 10.1;
				MTL_ENABLE_DEBUG_INFO = NO;
				SDKROOT = iphoneos;
				SWIFT_OPTIMIZATION_LEVEL = "-Owholemodule";
				VALIDATE_PRODUCT = YES;
			};
			name = Release;
		};
		D1D9ACED1DDD9E3000B8A566 /* Debug */ = {
			isa = XCBuildConfiguration;
			baseConfigurationReference = 7A899418BA1531452880997D /* Pods-AFSample.debug.xcconfig */;
			buildSettings = {
				ASSETCATALOG_COMPILER_APPICON_NAME = AppIcon;
				DEVELOPMENT_TEAM = 859LK3T2WH;
				INFOPLIST_FILE = AFSample/Info.plist;
				LD_RUNPATH_SEARCH_PATHS = "$(inherited) @executable_path/Frameworks";
				PRODUCT_BUNDLE_IDENTIFIER = "com.Laura-Evans.AFSample";
				PRODUCT_NAME = "$(TARGET_NAME)";
				SWIFT_VERSION = 3.0;
			};
			name = Debug;
		};
		D1D9ACEE1DDD9E3000B8A566 /* Release */ = {
			isa = XCBuildConfiguration;
			baseConfigurationReference = 0A435EEBD1931F5120875935 /* Pods-AFSample.release.xcconfig */;
			buildSettings = {
				ASSETCATALOG_COMPILER_APPICON_NAME = AppIcon;
				DEVELOPMENT_TEAM = 859LK3T2WH;
				INFOPLIST_FILE = AFSample/Info.plist;
				LD_RUNPATH_SEARCH_PATHS = "$(inherited) @executable_path/Frameworks";
				PRODUCT_BUNDLE_IDENTIFIER = "com.Laura-Evans.AFSample";
				PRODUCT_NAME = "$(TARGET_NAME)";
				SWIFT_VERSION = 3.0;
			};
			name = Release;
		};
/* End XCBuildConfiguration section */

/* Begin XCConfigurationList section */
		D1D9ACD51DDD9E3000B8A566 /* Build configuration list for PBXProject "AFSample" */ = {
			isa = XCConfigurationList;
			buildConfigurations = (
				D1D9ACEA1DDD9E3000B8A566 /* Debug */,
				D1D9ACEB1DDD9E3000B8A566 /* Release */,
			);
			defaultConfigurationIsVisible = 0;
			defaultConfigurationName = Release;
		};
		D1D9ACEC1DDD9E3000B8A566 /* Build configuration list for PBXNativeTarget "AFSample" */ = {
			isa = XCConfigurationList;
			buildConfigurations = (
				D1D9ACED1DDD9E3000B8A566 /* Debug */,
				D1D9ACEE1DDD9E3000B8A566 /* Release */,
			);
			defaultConfigurationIsVisible = 0;
		};
/* End XCConfigurationList section */
	};
	rootObject = D1D9ACD21DDD9E3000B8A566 /* Project object */;
}
